
Microsoft Visual Studio Solution File, Format Version 12.00
# Visual Studio Version 17
VisualStudioVersion = 17.6.33723.286
MinimumVisualStudioVersion = 10.0.40219.1
Project("{FAE04EC0-301F-11D3-BF4B-00C04F79EFBC}") = "StatePattern", "StatePattern\StatePattern.csproj", "{10843FEF-6648-48E6-B271-30B839E201B0}"
EndProject
Global
	GlobalSection(SolutionConfigurationPlatforms) = preSolution
		Debug|Any CPU = Debug|Any CPU
		Release|Any CPU = Release|Any CPU
	EndGlobalSection
	GlobalSection(ProjectConfigurationPlatforms) = postSolution
		{10843FEF-6648-48E6-B271-30B839E201B0}.Debug|Any CPU.ActiveCfg = Debug|Any CPU
		{10843FEF-6648-48E6-B271-30B839E201B0}.Debug|Any CPU.Build.0 = Debug|Any CPU
		{10843FEF-6648-48E6-B271-30B839E201B0}.Release|Any CPU.ActiveCfg = Release|Any CPU
		{10843FEF-6648-48E6-B271-30B839E201B0}.Release|Any CPU.Build.0 = Release|Any CPU
	EndGlobalSection
	GlobalSection(SolutionProperties) = preSolution
		HideSolutionNode = FALSE
	EndGlobalSection
	GlobalSection(ExtensibilityGlobals) = postSolution
		SolutionGuid = {A90382B5-DD9D-433B-B122-5494706AD7D9}
	EndGlobalSection
EndGlobal
